
Microsoft Visual Studio Solution File, Format Version 12.00
# Visual Studio Version 16
VisualStudioVersion = 16.0.29201.188
MinimumVisualStudioVersion = 10.0.40219.1
Project("{FAE04EC0-301F-11D3-BF4B-00C04F79EFBC}") = "infodocker", "infodocker\infodocker.csproj", "{B59A8EB9-B67D-45E5-AD03-32E33419BCA6}"
EndProject
Global
	GlobalSection(SolutionConfigurationPlatforms) = preSolution
		Debug|Any CPU = Debug|Any CPU
		Release|Any CPU = Release|Any CPU
	EndGlobalSection
	GlobalSection(ProjectConfigurationPlatforms) = postSolution
		{B59A8EB9-B67D-45E5-AD03-32E33419BCA6}.Debug|Any CPU.ActiveCfg = Debug|Any CPU
		{B59A8EB9-B67D-45E5-AD03-32E33419BCA6}.Debug|Any CPU.Build.0 = Debug|Any CPU
		{B59A8EB9-B67D-45E5-AD03-32E33419BCA6}.Release|Any CPU.ActiveCfg = Release|Any CPU
		{B59A8EB9-B67D-45E5-AD03-32E33419BCA6}.Release|Any CPU.Build.0 = Release|Any CPU
	EndGlobalSection
	GlobalSection(SolutionProperties) = preSolution
		HideSolutionNode = FALSE
	EndGlobalSection
	GlobalSection(ExtensibilityGlobals) = postSolution
		SolutionGuid = {B0D25AB1-1D65-463F-B8B1-F5591C8FC02C}
	EndGlobalSection
EndGlobal
